lockfileVersion: '9.0'

settings:
  autoInstallPeers: true
  excludeLinksFromLockfile: false

importers:

  .:
    dependencies:
      vue:
        specifier: ^3.2.37
        version: 3.5.31
    devDependencies:
      '@vitejs/plugin-vue':
        specifier: ^3.0.3
        version: 3.2.0(vite@3.2.11)(vue@3.5.31)
      unocss:
        specifier: ^66.6.7
        version: 66.6.7(@emnapi/core@1.9.1)(@emnapi/runtime@1.9.1)(vite@3.2.11)
      vite:
        specifier: ^3.0.7
        version: 3.2.11

packages:

  '@antfu/install-pkg@1.1.0':
    resolution: {integrity: sha512-MGQsmw10ZyI+EJo45CdSER4zEb+p31LpDAFp2Z3gkSd1yqVZGi0Ebx++YTEMonJy4oChEMLsxZ64j8FH6sSqtQ==}

  '@babel/helper-string-parser@7.27.1':
    resolution: {integrity: sha512-qMlSxKbpRlAridDExk92nSobyDdpPijUq2DW6oDnUqd0iOGxmQjyqhMIihI9+zv4LPyZdRje2cavWPbCbWm3eA==}
    engines: {node: '>=6.9.0'}

  '@babel/helper-validator-identifier@7.28.5':
    resolution: {integrity: sha512-qSs4ifwzKJSV39ucNjsvc6WVHs6b7S03sOh2OcHF9UHfVPqWWALUsNUVzhSBiItjRZoLHx7nIarVjqKVusUZ1Q==}
    engines: {node: '>=6.9.0'}

  '@babel/parser@7.29.2':
    resolution: {integrity: sha512-4GgRzy/+fsBa72/RZVJmGKPmZu9Byn8o4MoLpmNe1m8ZfYnz5emHLQz3U4gLud6Zwl0RZIcgiLD7Uq7ySFuDLA==}
    engines: {node: '>=6.0.0'}
    hasBin: true

  '@babel/types@7.29.0':
    resolution: {integrity: sha512-LwdZHpScM4Qz8Xw2iKSzS+cfglZzJGvofQICy7W7v4caru4EaAmyUuO6BGrbyQ2mYV11W0U8j5mBhd14dd3B0A==}
    engines: {node: '>=6.9.0'}

  '@emnapi/core@1.9.1':
    resolution: {integrity: sha512-mukuNALVsoix/w1BJwFzwXBN/dHeejQtuVzcDsfOEsdpCumXb/E9j8w11h5S54tT1xhifGfbbSm/ICrObRb3KA==}

  '@emnapi/runtime@1.9.1':
    resolution: {integrity: sha512-VYi5+ZVLhpgK4hQ0TAjiQiZ6ol0oe4mBx7mVv7IflsiEp0OWoVsp/+f9Vc1hOhE0TtkORVrI1GvzyreqpgWtkA==}

  '@emnapi/wasi-threads@1.2.0':
    resolution: {integrity: sha512-N10dEJNSsUx41Z6pZsXU8FjPjpBEplgH24sfkmITrBED1/U2Esum9F3lfLrMjKHHjmi557zQn7kR9R+XWXu5Rg==}

  '@esbuild/android-arm@0.15.18':
    resolution: {integrity: sha512-5GT+kcs2WVGjVs7+boataCkO5Fg0y4kCjzkB5bAip7H4jfnOS3dA6KPiww9W1OEKTKeAcUVhdZGvgI65OXmUnw==}
    engines: {node: '>=12'}
    cpu: [arm]
    os: [android]

  '@esbuild/linux-loong64@0.15.18':
    resolution: {integrity: sha512-L4jVKS82XVhw2nvzLg/19ClLWg0y27ulRwuP7lcyL6AbUWB5aPglXY3M21mauDQMDfRLs8cQmeT03r/+X3cZYQ==}
    engines: {node: '>=12'}
    cpu: [loong64]
    os: [linux]

  '@iconify/types@2.0.0':
    resolution: {integrity: sha512-+wluvCrRhXrhyOmRDJ3q8mux9JkKy5SJ/v8ol2tu4FVjyYvtEzkc/3pK15ET6RKg4b4w4BmTk1+gsCUhf21Ykg==}

  '@iconify/utils@3.1.0':
    resolution: {integrity: sha512-Zlzem1ZXhI1iHeeERabLNzBHdOa4VhQbqAcOQaMKuTuyZCpwKbC2R4Dd0Zo3g9EAc+Y4fiarO8HIHRAth7+skw==}

  '@jridgewell/gen-mapping@0.3.13':
    resolution: {integrity: sha512-2kkt/7niJ6MgEPxF0bYdQ6etZaA+fQvDcLKckhy1yIQOzaoKjBBjSj63/aLVjYE3qhRt5dvM+uUyfCg6UKCBbA==}

  '@jridgewell/remapping@2.3.5':
    resolution: {integrity: sha512-LI9u/+laYG4Ds1TDKSJW2YPrIlcVYOwi2fUC6xB43lueCjgxV4lffOCZCtYFiH6TNOX+tQKXx97T4IKHbhyHEQ==}

  '@jridgewell/resolve-uri@3.1.2':
    resolution: {integrity: sha512-bRISgCIjP20/tbWSPWMEi54QVPRZExkuD9lJL+UIxUKtwVJA8wW1Trb1jMs1RFXo1CBTNZ/5hpC9QvmKWdopKw==}
    engines: {node: '>=6.0.0'}

  '@jridgewell/sourcemap-codec@1.5.5':
    resolution: {integrity: sha512-cYQ9310grqxueWbl+WuIUIaiUaDcj7WOq5fVhEljNVgRfOUhY9fy2zTvfoqWsnebh8Sl70VScFbICvJnLKB0Og==}

  '@jridgewell/trace-mapping@0.3.31':
    resolution: {integrity: sha512-zzNR+SdQSDJzc8joaeP8QQoCQr8NuYx2dIIytl1QeBEZHJ9uW6hebsrYgbz8hJwUQao3TWCMtmfV8Nu1twOLAw==}

  '@napi-rs/wasm-runtime@1.1.2':
    resolution: {integrity: sha512-sNXv5oLJ7ob93xkZ1XnxisYhGYXfaG9f65/ZgYuAu3qt7b3NadcOEhLvx28hv31PgX8SZJRYrAIPQilQmFpLVw==}
    peerDependencies:
      '@emnapi/core': ^1.7.1
      '@emnapi/runtime': ^1.7.1

  '@oxc-parser/binding-android-arm-eabi@0.115.0':
    resolution: {integrity: sha512-VoB2rhgoqgYf64d6Qs5emONQW8ASiTc0xp+aUE4JUhxjX+0pE3gblTYDO0upcN5vt9UlBNmUhAwfSifkfre7nw==}
    engines: {node: ^20.19.0 || >=22.12.0}
    cpu: [arm]
    os: [android]

  '@oxc-parser/binding-android-arm64@0.115.0':
    resolution: {integrity: sha512-lWRX75u+gqfB4TF3pWCHuvhaeneAmRl2b2qNBcl4S6yJ0HtnT4VXOMEZrq747i4Zby1ZTxj6mtOe678Bg8gRLw==}
    engines: {node: ^20.19.0 || >=22.12.0}
    cpu: [arm64]
    os: [android]

  '@oxc-parser/binding-darwin-arm64@0.115.0':
    resolution: {integrity: sha512-ii/oOZjfGY1aszXTy29Z5DRyCEnBOrAXDVCvfdfXFQsOZlbbOa7NMHD7D+06YFe5qdxfmbWAYv4yn6QJi/0d2g==}
    engines: {node: ^20.19.0 || >=22.12.0}
    cpu: [arm64]
    os: [darwin]

  '@oxc-parser/binding-darwin-x64@0.115.0':
    resolution: {integrity: sha512-R/sW/p8l77wglbjpMcF+h/3rWbp9zk1mRP3U14mxTYIC2k3m+aLBpXXgk2zksqf9qKk5mcc4GIYsuCn9l8TgDg==}
    engines: {node: ^20.19.0 || >=22.12.0}
    cpu: [x64]
    os: [darwin]

  '@oxc-parser/binding-freebsd-x64@0.115.0':
    resolution: {integrity: sha512-CSJ5ldNm9wIGGkhaIJeGmxRMZbgxThRN+X1ufYQQUNi5jZDV/U3C2QDMywpP93fczNBj961hXtcUPO/oVGq4Pw==}
    engines: {node: ^20.19.0 || >=22.12.0}
    cpu: [x64]
    os: [freebsd]

  '@oxc-parser/binding-linux-arm-gnueabihf@0.115.0':
    resolution: {integrity: sha512-uWFwssE5dHfQ8lH+ktrsD9JA49+Qa0gtxZHUs62z1e91NgGz6O7jefHGI6aygNyKNS45pnnBSDSP/zV977MsOQ==}
    engines: {node: ^20.19.0 || >=22.12.0}
    cpu: [arm]
    os: [linux]

  '@oxc-parser/binding-linux-arm-musleabihf@0.115.0':
    resolution: {integrity: sha512-fZbqt8y/sKQ+v6bBCuv/mYYFoC0+fZI3mGDDEemmDOhT78+aUs2+4ZMdbd2btlXmnLaScl37r8IRbhnok5Ka9w==}
    engines: {node: ^20.19.0 || >=22.12.0}
    cpu: [arm]
    os: [linux]

  '@oxc-parser/binding-linux-arm64-gnu@0.115.0':
    resolution: {integrity: sha512-1ej/MjuTY9tJEunU/hUPIFmgH5PqgMQoRjNOvOkibtJ3Zqlw/+Lc+HGHDNET8sjbgIkWzdhX+p4J96A5CPdbag==}
    engines: {node: ^20.19.0 || >=22.12.0}
    cpu: [arm64]
    os: [linux]

  '@oxc-parser/binding-linux-arm64-musl@0.115.0':
    resolution: {integrity: sha512-HjsZbJPH9mMd4swJRywVMsDZsJX0hyKb1iNHo5ijRl5yhtbO3lj7ImSrrL1oZ1VEg0te4iKmDGGz/6YPLd1G8w==}
    engines: {node: ^20.19.0 || >=22.12.0}
    cpu: [arm64]
    os: [linux]

  '@oxc-parser/binding-linux-ppc64-gnu@0.115.0':
    resolution: {integrity: sha512-zhhePoBrd7kQx3oClX/W6NldsuCbuMqaN9rRsY+6/WoorAb4j490PG/FjqgAXscWp2uSW2WV9L+ksn0wHrvsrg==}
    engines: {node: ^20.19.0 || >=22.12.0}
    cpu: [ppc64]
    os: [linux]

  '@oxc-parser/binding-linux-riscv64-gnu@0.115.0':
    resolution: {integrity: sha512-t/IRojvUE9XrKu+/H1b8YINug+7Q6FLls5rsm2lxB5mnS8GN/eYAYrPgHkcg9/1SueRDSzGpDYu3lGWTObk1zw==}
    engines: {node: ^20.19.0 || >=22.12.0}
    cpu: [riscv64]
    os: [linux]

  '@oxc-parser/binding-linux-riscv64-musl@0.115.0':
    resolution: {integrity: sha512-79jBHSSh/YpQRAmvYoaCfpyToRbJ/HBrdB7hxK2ku2JMehjopTVo+xMJss/RV7/ZYqeezgjvKDQzapJbgcjVZA==}
    engines: {node: ^20.19.0 || >=22.12.0}
    cpu: [riscv64]
    os: [linux]

  '@oxc-parser/binding-linux-s390x-gnu@0.115.0':
    resolution: {integrity: sha512-nA1TpxkhNTIOMMyiSSsa7XIVJVoOU/SsVrHIz3gHvWweB5PHCQfO7w+Lb2EP0lBWokv7HtA/KbF7aLDoXzmuMw==}
    engines: {node: ^20.19.0 || >=22.12.0}
    cpu: [s390x]
    os: [linux]

  '@oxc-parser/binding-linux-x64-gnu@0.115.0':
    resolution: {integrity: sha512-9iVX789DoC3SaOOG+X6NcF/tVChgLp2vcHffzOC2/Z1JTPlz6bMG2ogvcW6/9s0BG2qvhNQImd+gbWYeQbOwVw==}
    engines: {node: ^20.19.0 || >=22.12.0}
    cpu: [x64]
    os: [linux]

  '@oxc-parser/binding-linux-x64-musl@0.115.0':
    resolution: {integrity: sha512-RmQmk+mjCB0nMNfEYhaCxwofLo1Z95ebHw1AGvRiWGCd4zhCNOyskgCbMogIcQzSB3SuEKWgkssyaiQYVAA4hQ==}
    engines: {node: ^20.19.0 || >=22.12.0}
    cpu: [x64]
    os: [linux]

  '@oxc-parser/binding-openharmony-arm64@0.115.0':
    resolution: {integrity: sha512-viigraWWQhhDvX5aGq+wrQq58k00Xq3MHz/0R4AFMxGlZ8ogNonpEfNc73Q5Ly87Z6sU9BvxEdG0dnYTfVnmew==}
    engines: {node: ^20.19.0 || >=22.12.0}
    cpu: [arm64]
    os: [openharmony]

  '@oxc-parser/binding-wasm32-wasi@0.115.0':
    resolution: {integrity: sha512-IzGCrMwXhpb4kTXy/8lnqqqwjI7eOvy+r9AhVw+hsr8t1ecBBEHprcNy0aKatFHN6hsX7UMHHQmBAQjVvL/p1A==}
    engines: {node: '>=14.0.0'}
    cpu: [wasm32]

  '@oxc-parser/binding-win32-arm64-msvc@0.115.0':
    resolution: {integrity: sha512-/ym+Absk/TLFvbhh3se9XYuI1D7BrUVHw4RaG/2dmWKgBenrZHaJsgnRb7NJtaOyjEOLIPtULx1wDdVL0SX2eg==}
    engines: {node: ^20.19.0 || >=22.12.0}
    cpu: [arm64]
    os: [win32]

  '@oxc-parser/binding-win32-ia32-msvc@0.115.0':
    resolution: {integrity: sha512-AQSZjIR+b+Te7uaO/hGTMjT8/oxlYrvKrOTi4KTHF/O6osjHEatUQ3y6ZW2+8+lJxy20zIcGz6iQFmFq/qDKkg==}
    engines: {node: ^20.19.0 || >=22.12.0}
    cpu: [ia32]
    os: [win32]

  '@oxc-parser/binding-win32-x64-msvc@0.115.0':
    resolution: {integrity: sha512-oxUl82N+fIO9jIaXPph8SPPHQXrA08BHokBBJW8ct9F/x6o6bZE6eUAhUtWajbtvFhL8UYcCWRMba+kww6MBlA==}
    engines: {node: ^20.19.0 || >=22.12.0}
    cpu: [x64]
    os: [win32]

  '@oxc-project/types@0.115.0':
    resolution: {integrity: sha512-4n91DKnebUS4yjUHl2g3/b2T+IUdCfmoZGhmwsovZCDaJSs+QkVAM+0AqqTxHSsHfeiMuueT75cZaZcT/m0pSw==}

  '@polka/url@1.0.0-next.29':
    resolution: {integrity: sha512-wwQAWhWSuHaag8c4q/KN/vCoeOJYshAIvMQwD4GpSb3OiZklFfvAgmj0VCBBImRpuF/aFgIRzllXlVX93Jevww==}

  '@quansync/fs@1.0.0':
    resolution: {integrity: sha512-4TJ3DFtlf1L5LDMaM6CanJ/0lckGNtJcMjQ1NAV6zDmA0tEHKZtxNKin8EgPaVX1YzljbxckyT2tJrpQKAtngQ==}

  '@tybys/wasm-util@0.10.1':
    resolution: {integrity: sha512-9tTaPJLSiejZKx+Bmog4uSubteqTvFrVrURwkmHixBo0G4seD0zUxp98E1DzUBJxLQ3NPwXrGKDiVjwx/DpPsg==}

  '@types/estree@1.0.8':
    resolution: {integrity: sha512-dWHzHa2WqEXI/O1E9OjrocMTKJl2mSrEolh1Iomrv6U+JuNwaHXsXx9bLu5gG7BUWFIN0skIQJQ/L1rIex4X6w==}

  '@unocss/cli@66.6.7':
    resolution: {integrity: sha512-m/yW5HMVyxfAOeyO4OyA4JB9dY+/gTsk25ucI8xVCFVDEENPEGr+vEqTDOA+vfe6pdURtyDYS7OrhikIRU1WNA==}
    engines: {node: '>=14'}
    hasBin: true

  '@unocss/config@66.6.7':
    resolution: {integrity: sha512-1uleyRLyJc6PNNc2L3hEaKL89zXwvQAtP36oFySgL47RAxZHPZ4vfqFpbwR0eEN4iSqTS24ZFr7CTRWCaEGjzQ==}
    engines: {node: '>=14'}

  '@unocss/core@66.6.7':
    resolution: {integrity: sha512-Q8456iWFtdwrUNYKVOQY8ygRggjZOVtLc6Jc8KIkxig7OiNlUWOgXJTfCh4I8g6jBYzC5eHaHFDLgJOmOrxBsg==}

  '@unocss/extractor-arbitrary-variants@66.6.7':
    resolution: {integrity: sha512-PQiBHK0yUJ0BR+3GYnTPU6va6HVSRPV+O+s1zZmt23TWbyIeucoKCNR47TDtv+Z1xuksY8krIjtDYtufdrVWKw==}

  '@unocss/inspector@66.6.7':
    resolution: {integrity: sha512-4lA70A/wy9dfSDm7rJ5Uq5fKz+/Szm2rUcHjdbLCVNEc6vv2YXeI7aFvP5qDjTp4ClBSF2AMPnF1mtoMQOfDvA==}

  '@unocss/preset-attributify@66.6.7':
    resolution: {integrity: sha512-thtoLQb53+Acy2QJYT6n+YhgNJ5ilhS8k9bqi+UzflbsuK4TJqOuQQjC9fRkULP5QjtNxgqN3d5Up7ms8tBPDA==}

  '@unocss/preset-icons@66.6.7':
    resolution: {integrity: sha512-mGAOyI/qz1pZUV1BcOtWAMm5czdFCjhFCYcDk0KY+Jw37pKRVSQRFeh4gpHuYKmehGv36caLyVrWXpTAwRBdFQ==}

  '@unocss/preset-mini@66.6.7':
    resolution: {integrity: sha512-tf0mqiSEhPQ49WZOqjNhxlbZbNakiBLzCoxfLSzqfIGglOPYShP8mxsdp9Jv0n+Ntn0rHcBiX5KTLfax1/Bd9g==}

  '@unocss/preset-tagify@66.6.7':
    resolution: {integrity: sha512-0WeQf+Dx9Ztv3aewkBKEnAfOauSjvWBlfkpsgLpXcCkyGMnCqq87UrAq3+b76TDJvQc8i2ADlvVGK7V1z0JZQg==}

  '@unocss/preset-typography@66.6.7':
    resolution: {integrity: sha512-RA7MwPDD5N9xGrbWnguVm5tP+F4/n/9X1rJsq2nBjvvK2dbtIRJZjRFM1vBDsR0GIhtvbHMoTchZaSZed5I+Hw==}

  '@unocss/preset-uno@66.6.7':
    resolution: {integrity: sha512-imGCe6Yv2XgrJxP77gV8WZCz0xL99MsGov5rYn64lh2/tcsHF2rUIhTj/Urgxt0kwk8rLFtGbR1JuwPMNL5EDw==}

  '@unocss/preset-web-fonts@66.6.7':
    resolution: {integrity: sha512-GLjUoSL/kYt1Yw2zpzixKnxvpHgLHAg0JXiPglct4PZ9YmUzCPbvJ/vVn+0AnB8Fxr29Z8NAFSNoX625ZaRonQ==}

  '@unocss/preset-wind3@66.6.7':
    resolution: {integrity: sha512-PKyqeRzlIMd3Irdt6fCKMm73zgwweiXESk5edUK8dVWndvPIcZCOqrEq7yg6Pr/Q8tHdq26viYSkVY3a3t8RSg==}

  '@unocss/preset-wind4@66.6.7':
    resolution: {integrity: sha512-9grhWeBsFzpv8iER9AFATRaxLyXMCwGQ5HzeI4XZh2ZZ9O6vC7nYfGhns4/I+F/RpFglzU1bjqMWRS/DS8OpGQ==}

  '@unocss/preset-wind@66.6.7':
    resolution: {integrity: sha512-jxtAN96jljd+KglbhPv6Y/ujceI5rVdrLQimj4KUTPoYBPEiWadzsGKN3o8Q07hlPRg+hBlO0r4tGSUWl+/EZQ==}

  '@unocss/rule-utils@66.6.7':
    resolution: {integrity: sha512-4PT/s8yKIShSqP9XPSw4EjbZopcu3wlIB9i3kbGbzQwF91H+0Yy10guK3kHDGtkmWVN6Np6VvaGIj2UcbmaivA==}
    engines: {node: '>=14'}

  '@unocss/transformer-attributify-jsx@66.6.7':
    resolution: {integrity: sha512-r5bsnaPVe4iySLK5G5rA/QPSKmpPjYT9lixEv+KElvZcqZ+cPpkGoo+E+rnTcapu9KDMOVJItH/4Zy9m4AQ1ZQ==}

  '@unocss/transformer-compile-class@66.6.7':
    resolution: {integrity: sha512-4uz4jCyq8VUaSPveXhelUWUNaTnetPFvEmXzmbYJ5BygAlUlipNynffUlUusDQmBBRrfZhJNB5J1Zif2Q6oUiA==}

  '@unocss/transformer-directives@66.6.7':
    resolution: {integrity: sha512-z3gi8/cD2P0I+c6jOPZUtsPXknHwVNlMIitSh7LhyM6W3EqbqvDcYH2gFeGhdhoYcN2r5OpTBujq34iz4IdUxA==}

  '@unocss/transformer-variant-group@66.6.7':
    resolution: {integrity: sha512-XouJuQCjYJpvR3sY4QDXnGXxtyJ4qgWFG+S9bAB01TTslhQLvNPE9o2+4gZlltnJLqxiPQWuLeJA1KdPD6ciww==}

  '@unocss/vite@66.6.7':
    resolution: {integrity: sha512-8AHrVzAecnQaPLJv3/mpyFt5j2iL3gEwkZcZ8HzjH5ttK2XON1YE9vgujN5NS/yvZwlJxCMNPxn0S410/Ek61A==}
    peerDependencies:
      vite: ^2.9.0 || ^3.0.0-0 || ^4.0.0 || ^5.0.0-0 || ^6.0.0-0 || ^7.0.0-0 || ^8.0.0-0

  '@vitejs/plugin-vue@3.2.0':
    resolution: {integrity: sha512-E0tnaL4fr+qkdCNxJ+Xd0yM31UwMkQje76fsDVBBUCoGOUPexu2VDUYHL8P4CwV+zMvWw6nlRw19OnRKmYAJpw==}
    engines: {node: ^14.18.0 || >=16.0.0}
    peerDependencies:
      vite: ^3.0.0
      vue: ^3.2.25

  '@vue/compiler-core@3.5.31':
    resolution: {integrity: sha512-k/ueL14aNIEy5Onf0OVzR8kiqF/WThgLdFhxwa4e/KF/0qe38IwIdofoSWBTvvxQOesaz6riAFAUaYjoF9fLLQ==}

  '@vue/compiler-dom@3.5.31':
    resolution: {integrity: sha512-BMY/ozS/xxjYqRFL+tKdRpATJYDTTgWSo0+AJvJNg4ig+Hgb0dOsHPXvloHQ5hmlivUqw1Yt2pPIqp4e0v1GUw==}

  '@vue/compiler-sfc@3.5.31':
    resolution: {integrity: sha512-M8wpPgR9UJ8MiRGjppvx9uWJfLV7A/T+/rL8s/y3QG3u0c2/YZgff3d6SuimKRIhcYnWg5fTfDMlz2E6seUW8Q==}

  '@vue/compiler-ssr@3.5.31':
    resolution: {integrity: sha512-h0xIMxrt/LHOvJKMri+vdYT92BrK3HFLtDqq9Pr/lVVfE4IyKZKvWf0vJFW10Yr6nX02OR4MkJwI0c1HDa1hog==}

  '@vue/reactivity@3.5.31':
    resolution: {integrity: sha512-DtKXxk9E/KuVvt8VxWu+6Luc9I9ETNcqR1T1oW1gf02nXaZ1kuAx58oVu7uX9XxJR0iJCro6fqBLw9oSBELo5g==}

  '@vue/runtime-core@3.5.31':
    resolution: {integrity: sha512-AZPmIHXEAyhpkmN7aWlqjSfYynmkWlluDNPHMCZKFHH+lLtxP/30UJmoVhXmbDoP1Ng0jG0fyY2zCj1PnSSA6Q==}

  '@vue/runtime-dom@3.5.31':
    resolution: {integrity: sha512-xQJsNRmGPeDCJq/u813tyonNgWBFjzfVkBwDREdEWndBnGdHLHgkwNBQxLtg4zDrzKTEcnikUy1UUNecb3lJ6g==}

  '@vue/server-renderer@3.5.31':
    resolution: {integrity: sha512-GJuwRvMcdZX/CriUnyIIOGkx3rMV3H6sOu0JhdKbduaeCji6zb60iOGMY7tFoN24NfsUYoFBhshZtGxGpxO4iA==}
    peerDependencies:
      vue: 3.5.31

  '@vue/shared@3.5.31':
    resolution: {integrity: sha512-nBxuiuS9Lj5bPkPbWogPUnjxxWpkRniX7e5UBQDWl6Fsf4roq9wwV+cR7ezQ4zXswNvPIlsdj1slcLB7XCsRAw==}

  acorn@8.16.0:
    resolution: {integrity: sha512-UVJyE9MttOsBQIDKw1skb9nAwQuR5wuGD3+82K6JgJlm/Y+KI92oNsMNGZCYdDsVtRHSak0pcV5Dno5+4jh9sw==}
    engines: {node: '>=0.4.0'}
    hasBin: true

  cac@6.7.14:
    resolution: {integrity: sha512-b6Ilus+c3RrdDk+JhLKUAQfzzgLEPy6wcXqS7f/xe1EETvsDP6GORG7SFuOs6cID5YkqchW/LXZbX5bc8j7ZcQ==}
    engines: {node: '>=8'}

  chokidar@5.0.0:
    resolution: {integrity: sha512-TQMmc3w+5AxjpL8iIiwebF73dRDF4fBIieAqGn9RGCWaEVwQ6Fb2cGe31Yns0RRIzii5goJ1Y7xbMwo1TxMplw==}
    engines: {node: '>= 20.19.0'}

  colorette@2.0.20:
    resolution: {integrity: sha512-IfEDxwoWIjkeXL1eXcDiow4UbKjhLdq6/EuSVR9GMN7KVH3r9gQ83e73hsz1Nd1T3ijd5xv1wcWRYO+D6kCI2w==}

  confbox@0.1.8:
    resolution: {integrity: sha512-RMtmw0iFkeR4YV+fUOSucriAQNb9g8zFR52MWCtl+cCZOFRNL6zeB395vPzFhEjjn4fMxXudmELnl/KF/WrK6w==}

  consola@3.4.2:
    resolution: {integrity: sha512-5IKcdX0nnYavi6G7TtOhwkYzyjfJlatbjMjuLSfE2kYT5pMDOilZ4OvMhi637CcDICTmz3wARPoyhqyX1Y+XvA==}
    engines: {node: ^14.18.0 || >=16.10.0}

  css-tree@3.2.1:
    resolution: {integrity: sha512-X7sjQzceUhu1u7Y/ylrRZFU2FS6LRiFVp6rKLPg23y3x3c3DOKAwuXGDp+PAGjh6CSnCjYeAul8pcT8bAl+lSA==}
    engines: {node: ^10 || ^12.20.0 || ^14.13.0 || >=15.0.0}

  csstype@3.2.3:
    resolution: {integrity: sha512-z1HGKcYy2xA8AGQfwrn0PAy+PB7X/GSj3UVJW9qKyn43xWa+gl5nXmU4qqLMRzWVLFC8KusUX8T/0kCiOYpAIQ==}

  defu@6.1.6:
    resolution: {integrity: sha512-f8mefEW4WIVg4LckePx3mALjQSPQgFlg9U8yaPdlsbdYcHQyj9n2zL2LJEA52smeYxOvmd/nB7TpMtHGMTHcug==}

  destr@2.0.5:
    resolution: {integrity: sha512-ugFTXCtDZunbzasqBxrK93Ik/DRYsO6S/fedkWEMKqt04xZ4csmnmwGDBAb07QWNaGMAmnTIemsYZCksjATwsA==}

  duplexer@0.1.2:
    resolution: {integrity: sha512-jtD6YG370ZCIi/9GTaJKQxWTZD045+4R4hTk/x1UyoqadyJ9x9CgSi1RlVDQF8U2sxLLSnFkCaMihqljHIWgMg==}

  entities@7.0.1:
    resolution: {integrity: sha512-TWrgLOFUQTH994YUyl1yT4uyavY5nNB5muff+RtWaqNVCAK408b5ZnnbNAUEWLTCpum9w6arT70i1XdQ4UeOPA==}
    engines: {node: '>=0.12'}

  esbuild-android-64@0.15.18:
    resolution: {integrity: sha512-wnpt3OXRhcjfIDSZu9bnzT4/TNTDsOUvip0foZOUBG7QbSt//w3QV4FInVJxNhKc/ErhUxc5z4QjHtMi7/TbgA==}
    engines: {node: '>=12'}
    cpu: [x64]
    os: [android]

  esbuild-android-arm64@0.15.18:
    resolution: {integrity: sha512-G4xu89B8FCzav9XU8EjsXacCKSG2FT7wW9J6hOc18soEHJdtWu03L3TQDGf0geNxfLTtxENKBzMSq9LlbjS8OQ==}
    engines: {node: '>=12'}
    cpu: [arm64]
    os: [android]

  esbuild-darwin-64@0.15.18:
    resolution: {integrity: sha512-2WAvs95uPnVJPuYKP0Eqx+Dl/jaYseZEUUT1sjg97TJa4oBtbAKnPnl3b5M9l51/nbx7+QAEtuummJZW0sBEmg==}
    engines: {node: '>=12'}
    cpu: [x64]
    os: [darwin]

  esbuild-darwin-arm64@0.15.18:
    resolution: {integrity: sha512-tKPSxcTJ5OmNb1btVikATJ8NftlyNlc8BVNtyT/UAr62JFOhwHlnoPrhYWz09akBLHI9nElFVfWSTSRsrZiDUA==}
    engines: {node: '>=12'}
    cpu: [arm64]
    os: [darwin]

  esbuild-freebsd-64@0.15.18:
    resolution: {integrity: sha512-TT3uBUxkteAjR1QbsmvSsjpKjOX6UkCstr8nMr+q7zi3NuZ1oIpa8U41Y8I8dJH2fJgdC3Dj3CXO5biLQpfdZA==}
    engines: {node: '>=12'}
    cpu: [x64]
    os: [freebsd]

  esbuild-freebsd-arm64@0.15.18:
    resolution: {integrity: sha512-R/oVr+X3Tkh+S0+tL41wRMbdWtpWB8hEAMsOXDumSSa6qJR89U0S/PpLXrGF7Wk/JykfpWNokERUpCeHDl47wA==}
    engines: {node: '>=12'}
    cpu: [arm64]
    os: [freebsd]

  esbuild-linux-32@0.15.18:
    resolution: {integrity: sha512-lphF3HiCSYtaa9p1DtXndiQEeQDKPl9eN/XNoBf2amEghugNuqXNZA/ZovthNE2aa4EN43WroO0B85xVSjYkbg==}
    engines: {node: '>=12'}
    cpu: [ia32]
    os: [linux]

  esbuild-linux-64@0.15.18:
    resolution: {integrity: sha512-hNSeP97IviD7oxLKFuii5sDPJ+QHeiFTFLoLm7NZQligur8poNOWGIgpQ7Qf8Balb69hptMZzyOBIPtY09GZYw==}
    engines: {node: '>=12'}
    cpu: [x64]
    os: [linux]

  esbuild-linux-arm64@0.15.18:
    resolution: {integrity: sha512-54qr8kg/6ilcxd+0V3h9rjT4qmjc0CccMVWrjOEM/pEcUzt8X62HfBSeZfT2ECpM7104mk4yfQXkosY8Quptug==}
    engines: {node: '>=12'}
    cpu: [arm64]
    os: [linux]

  esbuild-linux-arm@0.15.18:
    resolution: {integrity: sha512-UH779gstRblS4aoS2qpMl3wjg7U0j+ygu3GjIeTonCcN79ZvpPee12Qun3vcdxX+37O5LFxz39XeW2I9bybMVA==}
    engines: {node: '>=12'}
    cpu: [arm]
    os: [linux]

  esbuild-linux-mips64le@0.15.18:
    resolution: {integrity: sha512-Mk6Ppwzzz3YbMl/ZZL2P0q1tnYqh/trYZ1VfNP47C31yT0K8t9s7Z077QrDA/guU60tGNp2GOwCQnp+DYv7bxQ==}
    engines: {node: '>=12'}
    cpu: [mips64el]
    os: [linux]

  esbuild-linux-ppc64le@0.15.18:
    resolution: {integrity: sha512-b0XkN4pL9WUulPTa/VKHx2wLCgvIAbgwABGnKMY19WhKZPT+8BxhZdqz6EgkqCLld7X5qiCY2F/bfpUUlnFZ9w==}
    engines: {node: '>=12'}
    cpu: [ppc64]
    os: [linux]

  esbuild-linux-riscv64@0.15.18:
    resolution: {integrity: sha512-ba2COaoF5wL6VLZWn04k+ACZjZ6NYniMSQStodFKH/Pu6RxzQqzsmjR1t9QC89VYJxBeyVPTaHuBMCejl3O/xg==}
    engines: {node: '>=12'}
    cpu: [riscv64]
    os: [linux]

  esbuild-linux-s390x@0.15.18:
    resolution: {integrity: sha512-VbpGuXEl5FCs1wDVp93O8UIzl3ZrglgnSQ+Hu79g7hZu6te6/YHgVJxCM2SqfIila0J3k0csfnf8VD2W7u2kzQ==}
    engines: {node: '>=12'}
    cpu: [s390x]
    os: [linux]

  esbuild-netbsd-64@0.15.18:
    resolution: {integrity: sha512-98ukeCdvdX7wr1vUYQzKo4kQ0N2p27H7I11maINv73fVEXt2kyh4K4m9f35U1K43Xc2QGXlzAw0K9yoU7JUjOg==}
    engines: {node: '>=12'}
    cpu: [x64]
    os: [netbsd]

  esbuild-openbsd-64@0.15.18:
    resolution: {integrity: sha512-yK5NCcH31Uae076AyQAXeJzt/vxIo9+omZRKj1pauhk3ITuADzuOx5N2fdHrAKPxN+zH3w96uFKlY7yIn490xQ==}
    engines: {node: '>=12'}
    cpu: [x64]
    os: [openbsd]

  esbuild-sunos-64@0.15.18:
    resolution: {integrity: sha512-On22LLFlBeLNj/YF3FT+cXcyKPEI263nflYlAhz5crxtp3yRG1Ugfr7ITyxmCmjm4vbN/dGrb/B7w7U8yJR9yw==}
    engines: {node: '>=12'}
    cpu: [x64]
    os: [sunos]

  esbuild-windows-32@0.15.18:
    resolution: {integrity: sha512-o+eyLu2MjVny/nt+E0uPnBxYuJHBvho8vWsC2lV61A7wwTWC3jkN2w36jtA+yv1UgYkHRihPuQsL23hsCYGcOQ==}
    engines: {node: '>=12'}
    cpu: [ia32]
    os: [win32]

  esbuild-windows-64@0.15.18:
    resolution: {integrity: sha512-qinug1iTTaIIrCorAUjR0fcBk24fjzEedFYhhispP8Oc7SFvs+XeW3YpAKiKp8dRpizl4YYAhxMjlftAMJiaUw==}
    engines: {node: '>=12'}
    cpu: [x64]
    os: [win32]

  esbuild-windows-arm64@0.15.18:
    resolution: {integrity: sha512-q9bsYzegpZcLziq0zgUi5KqGVtfhjxGbnksaBFYmWLxeV/S1fK4OLdq2DFYnXcLMjlZw2L0jLsk1eGoB522WXQ==}
    engines: {node: '>=12'}
    cpu: [arm64]
    os: [win32]

  esbuild@0.15.18:
    resolution: {integrity: sha512-x/R72SmW3sSFRm5zrrIjAhCeQSAWoni3CmHEqfQrZIQTM3lVCdehdwuIqaOtfC2slvpdlLa62GYoN8SxT23m6Q==}
    engines: {node: '>=12'}
    hasBin: true

  estree-walker@2.0.2:
    resolution: {integrity: sha512-Rfkk/Mp/DL7JVje3u18FxFujQlTNR2q6QfMSMB7AvCBx91NGj/ba3kCfza0f6dVDbw7YlRf/nDrn7pQrCCyQ/w==}

  estree-walker@3.0.3:
    resolution: {integrity: sha512-7RUKfXgSMMkzt6ZuXmqapOurLGPPfgj6l9uRZ7lRGolvk0y2yocc35LdcxKC5PQZdn2DMqioAQ2NoWcrTKmm6g==}

  fdir@6.5.0:
    resolution: {integrity: sha512-tIbYtZbucOs0BRGqPJkshJUYdL+SDH7dVM8gjy+ERp3WAUjLEFJE+02kanyHtwjWOnwrKYBiwAmM0p4kLJAnXg==}
    engines: {node: '>=12.0.0'}
    peerDependencies:
      picomatch: ^3 || ^4
    peerDependenciesMeta:
      picomatch:
        optional: true

  fsevents@2.3.3:
    resolution: {integrity: sha512-5xoDfX+fL7faATnagmWPpbFtwh/R77WmMMqqHGS65C3vvB0YHrgF+B1YmZ3441tMj5n63k0212XNoJwzlhffQw==}
    engines: {node: ^8.16.0 || ^10.6.0 || >=11.0.0}
    os: [darwin]

  function-bind@1.1.2:
    resolution: {integrity: sha512-7XHNxH7qX9xG5mIwxkhumTox/MIRNcOgDrxWsMt2pAr23WHp6MrRlN7FBSFpCpr+oVO0F744iUgR82nJMfG2SA==}

  gzip-size@6.0.0:
    resolution: {integrity: sha512-ax7ZYomf6jqPTQ4+XCpUGyXKHk5WweS+e05MBO4/y3WJ5RkmPXNKvX+bx1behVILVwr6JSQvZAku021CHPXG3Q==}
    engines: {node: '>=10'}

  hasown@2.0.2:
    resolution: {integrity: sha512-0hJU9SCPvmMzIBdZFqNPXWa6dqh7WdH0cII9y+CyS8rG3nL48Bclra9HmKhVVUHyPWNH5Y7xDwAB7bfgSjkUMQ==}
    engines: {node: '>= 0.4'}

  is-core-module@2.16.1:
    resolution: {integrity: sha512-UfoeMA6fIJ8wTYFEUjelnaGI67v6+N7qXJEvQuIGa99l4xsCruSYOVSQ0uPANn4dAzm8lkYPaKLrrijLq7x23w==}
    engines: {node: '>= 0.4'}

  jiti@2.6.1:
    resolution: {integrity: sha512-ekilCSN1jwRvIbgeg/57YFh8qQDNbwDb9xT/qu2DAHbFFZUicIl4ygVaAvzveMhMVr3LnpSKTNnwt8PoOfmKhQ==}
    hasBin: true

  magic-regexp@0.10.0:
    resolution: {integrity: sha512-Uly1Bu4lO1hwHUW0CQeSWuRtzCMNO00CmXtS8N6fyvB3B979GOEEeAkiTUDsmbYLAbvpUS/Kt5c4ibosAzVyVg==}

  magic-string@0.30.21:
    resolution: {integrity: sha512-vd2F4YUyEXKGcLHoq+TEyCjxueSeHnFxyyjNp80yg0XV4vUhnDer/lvvlqM/arB5bXQN5K2/3oinyCRyx8T2CQ==}

  mdn-data@2.27.1:
    resolution: {integrity: sha512-9Yubnt3e8A0OKwxYSXyhLymGW4sCufcLG6VdiDdUGVkPhpqLxlvP5vl1983gQjJl3tqbrM731mjaZaP68AgosQ==}

  mlly@1.8.2:
    resolution: {integrity: sha512-d+ObxMQFmbt10sretNDytwt85VrbkhhUA/JBGm1MPaWJ65Cl4wOgLaB1NYvJSZ0Ef03MMEU/0xpPMXUIQ29UfA==}

  mrmime@2.0.1:
    resolution: {integrity: sha512-Y3wQdFg2Va6etvQ5I82yUhGdsKrcYox6p7FfL1LbK2J4V01F9TGlepTIhnK24t7koZibmg82KGglhA1XK5IsLQ==}
    engines: {node: '>=10'}

  nanoid@3.3.11:
    resolution: {integrity: sha512-N8SpfPUnUp1bK+PMYW8qSWdl9U+wwNWI4QKxOYDy9JAro3WMX7p2OeVRF9v+347pnakNevPmiHhNmZ2HbFA76w==}
    engines: {node: ^10 || ^12 || ^13.7 || ^14 || >=15.0.1}
    hasBin: true

  node-fetch-native@1.6.7:
    resolution: {integrity: sha512-g9yhqoedzIUm0nTnTqAQvueMPVOuIY16bqgAJJC8XOOubYFNwz6IER9qs0Gq2Xd0+CecCKFjtdDTMA4u4xG06Q==}

  ofetch@1.5.1:
    resolution: {integrity: sha512-2W4oUZlVaqAPAil6FUg/difl6YhqhUR7x2eZY4bQCko22UXg3hptq9KLQdqFClV+Wu85UX7hNtdGTngi/1BxcA==}

  oxc-parser@0.115.0:
    resolution: {integrity: sha512-2w7Xn3CbS/zwzSY82S5WLemrRu3CT57uF7Lx8llrE/2bul6iMTcJE4Rbls7GDNbLn3ttATI68PfOz2Pt3KZ2cQ==}
    engines: {node: ^20.19.0 || >=22.12.0}

  oxc-walker@0.7.0:
    resolution: {integrity: sha512-54B4KUhrzbzc4sKvKwVYm7E2PgeROpGba0/2nlNZMqfDyca+yOor5IMb4WLGBatGDT0nkzYdYuzylg7n3YfB7A==}
    peerDependencies:
      oxc-parser: '>=0.98.0'

  package-manager-detector@1.6.0:
    resolution: {integrity: sha512-61A5ThoTiDG/C8s8UMZwSorAGwMJ0ERVGj2OjoW5pAalsNOg15+iQiPzrLJ4jhZ1HJzmC2PIHT2oEiH3R5fzNA==}

  path-parse@1.0.7:
    resolution: {integrity: sha512-LDJzPVEEEPR+y48z93A0Ed0yXb8pAByGWo/k5YYdYgpY2/2EsOsksJrq7lOHxryrVOn1ejG6oAp8ahvOIQD8sw==}

  pathe@2.0.3:
    resolution: {integrity: sha512-WUjGcAqP1gQacoQe+OBJsFA7Ld4DyXuUIjZ5cc75cLHvJ7dtNsTugphxIADwspS+AraAUePCKrSVtPLFj/F88w==}

  perfect-debounce@2.1.0:
    resolution: {integrity: sha512-LjgdTytVFXeUgtHZr9WYViYSM/g8MkcTPYDlPa3cDqMirHjKiSZPYd6DoL7pK8AJQr+uWkQvCjHNdiMqsrJs+g==}

  picocolors@1.1.1:
    resolution: {integrity: sha512-xceH2snhtb5M9liqDsmEw56le376mTZkEX/jEb/RxNFyegNul7eNslCXP9FDj/Lcu0X8KEyMceP2ntpaHrDEVA==}

  picomatch@4.0.4:
    resolution: {integrity: sha512-QP88BAKvMam/3NxH6vj2o21R6MjxZUAd6nlwAS/pnGvN9IVLocLHxGYIzFhg6fUQ+5th6P4dv4eW9jX3DSIj7A==}
    engines: {node: '>=12'}

  pkg-types@1.3.1:
    resolution: {integrity: sha512-/Jm5M4RvtBFVkKWRu2BLUTNP8/M2a+UwuAX+ae4770q1qVGtfjG+WTCupoZixokjmHiry8uI+dlY8KXYV5HVVQ==}

  postcss@8.5.8:
    resolution: {integrity: sha512-OW/rX8O/jXnm82Ey1k44pObPtdblfiuWnrd8X7GJ7emImCOstunGbXUpp7HdBrFQX6rJzn3sPT397Wp5aCwCHg==}
    engines: {node: ^10 || ^12 || >=14}

  quansync@1.0.0:
    resolution: {integrity: sha512-5xZacEEufv3HSTPQuchrvV6soaiACMFnq1H8wkVioctoH3TRha9Sz66lOxRwPK/qZj7HPiSveih9yAyh98gvqA==}

  readdirp@5.0.0:
    resolution: {integrity: sha512-9u/XQ1pvrQtYyMpZe7DXKv2p5CNvyVwzUB6uhLAnQwHMSgKMBR62lc7AHljaeteeHXn11XTAaLLUVZYVZyuRBQ==}
    engines: {node: '>= 20.19.0'}

  regexp-tree@0.1.27:
    resolution: {integrity: sha512-iETxpjK6YoRWJG5o6hXLwvjYAoW+FEZn9os0PD/b6AP6xQwsa/Y7lCVgIixBbUPMfhu+i2LtdeAqVTgGlQarfA==}
    hasBin: true

  resolve@1.22.11:
    resolution: {integrity: sha512-RfqAvLnMl313r7c9oclB1HhUEAezcpLjz95wFH4LVuhk9JF/r22qmVP9AMmOU4vMX7Q8pN8jwNg/CSpdFnMjTQ==}
    engines: {node: '>= 0.4'}
    hasBin: true

  rollup@2.80.0:
    resolution: {integrity: sha512-cIFJOD1DESzpjOBl763Kp1AH7UE/0fcdHe6rZXUdQ9c50uvgigvW97u3IcSeBwOkgqL/PXPBktBCh0KEu5L8XQ==}
    engines: {node: '>=10.0.0'}
    hasBin: true

  sirv@3.0.2:
    resolution: {integrity: sha512-2wcC/oGxHis/BoHkkPwldgiPSYcpZK3JU28WoMVv55yHJgcZ8rlXvuG9iZggz+sU1d4bRgIGASwyWqjxu3FM0g==}
    engines: {node: '>=18'}

  source-map-js@1.2.1:
    resolution: {integrity: sha512-UXWMKhLOwVKb728IUtQPXxfYU+usdybtUrK/8uGE8CQMvrhOpwvzDBwj0QhSL7MQc7vIsISBG8VQ8+IDQxpfQA==}
    engines: {node: '>=0.10.0'}

  supports-preserve-symlinks-flag@1.0.0:
    resolution: {integrity: sha512-ot0WnXS9fgdkgIcePe6RHNk1WA8+muPa6cSjeR3V8K27q9BB1rTE3R1p7Hv0z1ZyAc8s6Vvv8DIyWf681MAt0w==}
    engines: {node: '>= 0.4'}

  tinyexec@1.0.4:
    resolution: {integrity: sha512-u9r3uZC0bdpGOXtlxUIdwf9pkmvhqJdrVCH9fapQtgy/OeTTMZ1nqH7agtvEfmGui6e1XxjcdrlxvxJvc3sMqw==}
    engines: {node: '>=18'}

  tinyglobby@0.2.15:
    resolution: {integrity: sha512-j2Zq4NyQYG5XMST4cbs02Ak8iJUdxRM0XI5QyxXuZOzKOINmWurp3smXu3y5wDcJrptwpSjgXHzIQxR0omXljQ==}
    engines: {node: '>=12.0.0'}

  totalist@3.0.1:
    resolution: {integrity: sha512-sf4i37nQ2LBx4m3wB74y+ubopq6W/dIzXg0FDGjsYnZHVa1Da8FH853wlL2gtUhg+xJXjfk3kUZS3BRoQeoQBQ==}
    engines: {node: '>=6'}

  tslib@2.8.1:
    resolution: {integrity: sha512-oJFu94HQb+KVduSUQL7wnpmqnfmLsOA/nAh6b6EH0wCEoK0/mPeXU6c3wKDV83MkOuHPRHtSXKKU99IBazS/2w==}

  type-level-regexp@0.1.17:
    resolution: {integrity: sha512-wTk4DH3cxwk196uGLK/E9pE45aLfeKJacKmcEgEOA/q5dnPGNxXt0cfYdFxb57L+sEpf1oJH4Dnx/pnRcku9jg==}

  ufo@1.6.3:
    resolution: {integrity: sha512-yDJTmhydvl5lJzBmy/hyOAA0d+aqCBuwl818haVdYCRrWV84o7YyeVm4QlVHStqNrrJSTb6jKuFAVqAFsr+K3Q==}

  unconfig-core@7.5.0:
    resolution: {integrity: sha512-Su3FauozOGP44ZmKdHy2oE6LPjk51M/TRRjHv2HNCWiDvfvCoxC2lno6jevMA91MYAdCdwP05QnWdWpSbncX/w==}

  unconfig@7.5.0:
    resolution: {integrity: sha512-oi8Qy2JV4D3UQ0PsopR28CzdQ3S/5A1zwsUwp/rosSbfhJ5z7b90bIyTwi/F7hCLD4SGcZVjDzd4XoUQcEanvA==}

  unocss@66.6.7:
    resolution: {integrity: sha512-TdZ/JnKhrqkknrMvLl0KOwrGzFThEspFIyYiylFYJki2JkMN/5EJIr+vIZEGRX69hFTjTLi6utIpbipueqzNbw==}
    engines: {node: '>=14'}
    peerDependencies:
      '@unocss/astro': 66.6.7
      '@unocss/postcss': 66.6.7
      '@unocss/webpack': 66.6.7
    peerDependenciesMeta:
      '@unocss/astro':
        optional: true
      '@unocss/postcss':
        optional: true
      '@unocss/webpack':
        optional: true

  unplugin-utils@0.3.1:
    resolution: {integrity: sha512-5lWVjgi6vuHhJ526bI4nlCOmkCIF3nnfXkCMDeMJrtdvxTs6ZFCM8oNufGTsDbKv/tJ/xj8RpvXjRuPBZJuJog==}
    engines: {node: '>=20.19.0'}

  unplugin@2.3.11:
    resolution: {integrity: sha512-5uKD0nqiYVzlmCRs01Fhs2BdkEgBS3SAVP6ndrBsuK42iC2+JHyxM05Rm9G8+5mkmRtzMZGY8Ct5+mliZxU/Ww==}
    engines: {node: '>=18.12.0'}

  vite@3.2.11:
    resolution: {integrity: sha512-K/jGKL/PgbIgKCiJo5QbASQhFiV02X9Jh+Qq0AKCRCRKZtOTVi4t6wh75FDpGf2N9rYOnzH87OEFQNaFy6pdxQ==}
    engines: {node: ^14.18.0 || >=16.0.0}
    hasBin: true
    peerDependencies:
      '@types/node': '>= 14'
      less: '*'
      sass: '*'
      stylus: '*'
      sugarss: '*'
      terser: ^5.4.0
    peerDependenciesMeta:
      '@types/node':
        optional: true
      less:
        optional: true
      sass:
        optional: true
      stylus:
        optional: true
      sugarss:
        optional: true
      terser:
        optional: true

  vue@3.5.31:
    resolution: {integrity: sha512-iV/sU9SzOlmA/0tygSmjkEN6Jbs3nPoIPFhCMLD2STrjgOU8DX7ZtzMhg4ahVwf5Rp9KoFzcXeB1ZrVbLBp5/Q==}
    peerDependencies:
      typescript: '*'
    peerDependenciesMeta:
      typescript:
        optional: true

  webpack-virtual-modules@0.6.2:
    resolution: {integrity: sha512-66/V2i5hQanC51vBQKPH4aI8NMAcBW59FVBs+rC7eGHupMyfn34q7rZIE+ETlJ+XTevqfUhVVBgSUNSW2flEUQ==}

snapshots:

  '@antfu/install-pkg@1.1.0':
    dependencies:
      package-manager-detector: 1.6.0
      tinyexec: 1.0.4

  '@babel/helper-string-parser@7.27.1': {}

  '@babel/helper-validator-identifier@7.28.5': {}

  '@babel/parser@7.29.2':
    dependencies:
      '@babel/types': 7.29.0

  '@babel/types@7.29.0':
    dependencies:
      '@babel/helper-string-parser': 7.27.1
      '@babel/helper-validator-identifier': 7.28.5

  '@emnapi/core@1.9.1':
    dependencies:
      '@emnapi/wasi-threads': 1.2.0
      tslib: 2.8.1
    optional: true

  '@emnapi/runtime@1.9.1':
    dependencies:
      tslib: 2.8.1
    optional: true

  '@emnapi/wasi-threads@1.2.0':
    dependencies:
      tslib: 2.8.1
    optional: true

  '@esbuild/android-arm@0.15.18':
    optional: true

  '@esbuild/linux-loong64@0.15.18':
    optional: true

  '@iconify/types@2.0.0': {}

  '@iconify/utils@3.1.0':
    dependencies:
      '@antfu/install-pkg': 1.1.0
      '@iconify/types': 2.0.0
      mlly: 1.8.2

  '@jridgewell/gen-mapping@0.3.13':
    dependencies:
      '@jridgewell/sourcemap-codec': 1.5.5
      '@jridgewell/trace-mapping': 0.3.31

  '@jridgewell/remapping@2.3.5':
    dependencies:
      '@jridgewell/gen-mapping': 0.3.13
      '@jridgewell/trace-mapping': 0.3.31

  '@jridgewell/resolve-uri@3.1.2': {}

  '@jridgewell/sourcemap-codec@1.5.5': {}

  '@jridgewell/trace-mapping@0.3.31':
    dependencies:
      '@jridgewell/resolve-uri': 3.1.2
      '@jridgewell/sourcemap-codec': 1.5.5

  '@napi-rs/wasm-runtime@1.1.2(@emnapi/core@1.9.1)(@emnapi/runtime@1.9.1)':
    dependencies:
      '@emnapi/core': 1.9.1
      '@emnapi/runtime': 1.9.1
      '@tybys/wasm-util': 0.10.1
    optional: true

  '@oxc-parser/binding-android-arm-eabi@0.115.0':
    optional: true

  '@oxc-parser/binding-android-arm64@0.115.0':
    optional: true

  '@oxc-parser/binding-darwin-arm64@0.115.0':
    optional: true

  '@oxc-parser/binding-darwin-x64@0.115.0':
    optional: true

  '@oxc-parser/binding-freebsd-x64@0.115.0':
    optional: true

  '@oxc-parser/binding-linux-arm-gnueabihf@0.115.0':
    optional: true

  '@oxc-parser/binding-linux-arm-musleabihf@0.115.0':
    optional: true

  '@oxc-parser/binding-linux-arm64-gnu@0.115.0':
    optional: true

  '@oxc-parser/binding-linux-arm64-musl@0.115.0':
    optional: true

  '@oxc-parser/binding-linux-ppc64-gnu@0.115.0':
    optional: true

  '@oxc-parser/binding-linux-riscv64-gnu@0.115.0':
    optional: true

  '@oxc-parser/binding-linux-riscv64-musl@0.115.0':
    optional: true

  '@oxc-parser/binding-linux-s390x-gnu@0.115.0':
    optional: true

  '@oxc-parser/binding-linux-x64-gnu@0.115.0':
    optional: true

  '@oxc-parser/binding-linux-x64-musl@0.115.0':
    optional: true

  '@oxc-parser/binding-openharmony-arm64@0.115.0':
    optional: true

  '@oxc-parser/binding-wasm32-wasi@0.115.0(@emnapi/core@1.9.1)(@emnapi/runtime@1.9.1)':
    dependencies:
      '@napi-rs/wasm-runtime': 1.1.2(@emnapi/core@1.9.1)(@emnapi/runtime@1.9.1)
    transitivePeerDependencies:
      - '@emnapi/core'
      - '@emnapi/runtime'
    optional: true

  '@oxc-parser/binding-win32-arm64-msvc@0.115.0':
    optional: true

  '@oxc-parser/binding-win32-ia32-msvc@0.115.0':
    optional: true

  '@oxc-parser/binding-win32-x64-msvc@0.115.0':
    optional: true

  '@oxc-project/types@0.115.0': {}

  '@polka/url@1.0.0-next.29': {}

  '@quansync/fs@1.0.0':
    dependencies:
      quansync: 1.0.0

  '@tybys/wasm-util@0.10.1':
    dependencies:
      tslib: 2.8.1
    optional: true

  '@types/estree@1.0.8': {}

  '@unocss/cli@66.6.7':
    dependencies:
      '@jridgewell/remapping': 2.3.5
      '@unocss/config': 66.6.7
      '@unocss/core': 66.6.7
      '@unocss/preset-wind3': 66.6.7
      '@unocss/preset-wind4': 66.6.7
      '@unocss/transformer-directives': 66.6.7
      cac: 6.7.14
      chokidar: 5.0.0
      colorette: 2.0.20
      consola: 3.4.2
      magic-string: 0.30.21
      pathe: 2.0.3
      perfect-debounce: 2.1.0
      tinyglobby: 0.2.15
      unplugin-utils: 0.3.1

  '@unocss/config@66.6.7':
    dependencies:
      '@unocss/core': 66.6.7
      colorette: 2.0.20
      consola: 3.4.2
      unconfig: 7.5.0

  '@unocss/core@66.6.7': {}

  '@unocss/extractor-arbitrary-variants@66.6.7':
    dependencies:
      '@unocss/core': 66.6.7

  '@unocss/inspector@66.6.7':
    dependencies:
      '@unocss/core': 66.6.7
      '@unocss/rule-utils': 66.6.7
      colorette: 2.0.20
      gzip-size: 6.0.0
      sirv: 3.0.2

  '@unocss/preset-attributify@66.6.7':
    dependencies:
      '@unocss/core': 66.6.7

  '@unocss/preset-icons@66.6.7':
    dependencies:
      '@iconify/utils': 3.1.0
      '@unocss/core': 66.6.7
      ofetch: 1.5.1

  '@unocss/preset-mini@66.6.7':
    dependencies:
      '@unocss/core': 66.6.7
      '@unocss/extractor-arbitrary-variants': 66.6.7
      '@unocss/rule-utils': 66.6.7

  '@unocss/preset-tagify@66.6.7':
    dependencies:
      '@unocss/core': 66.6.7

  '@unocss/preset-typography@66.6.7':
    dependencies:
      '@unocss/core': 66.6.7
      '@unocss/rule-utils': 66.6.7

  '@unocss/preset-uno@66.6.7':
    dependencies:
      '@unocss/core': 66.6.7
      '@unocss/preset-wind3': 66.6.7

  '@unocss/preset-web-fonts@66.6.7':
    dependencies:
      '@unocss/core': 66.6.7
      ofetch: 1.5.1

  '@unocss/preset-wind3@66.6.7':
    dependencies:
      '@unocss/core': 66.6.7
      '@unocss/preset-mini': 66.6.7
      '@unocss/rule-utils': 66.6.7

  '@unocss/preset-wind4@66.6.7':
    dependencies:
      '@unocss/core': 66.6.7
      '@unocss/extractor-arbitrary-variants': 66.6.7
      '@unocss/rule-utils': 66.6.7

  '@unocss/preset-wind@66.6.7':
    dependencies:
      '@unocss/core': 66.6.7
      '@unocss/preset-wind3': 66.6.7

  '@unocss/rule-utils@66.6.7':
    dependencies:
      '@unocss/core': 66.6.7
      magic-string: 0.30.21

  '@unocss/transformer-attributify-jsx@66.6.7(@emnapi/core@1.9.1)(@emnapi/runtime@1.9.1)':
    dependencies:
      '@unocss/core': 66.6.7
      oxc-parser: 0.115.0(@emnapi/core@1.9.1)(@emnapi/runtime@1.9.1)
      oxc-walker: 0.7.0(oxc-parser@0.115.0(@emnapi/core@1.9.1)(@emnapi/runtime@1.9.1))
    transitivePeerDependencies:
      - '@emnapi/core'
      - '@emnapi/runtime'

  '@unocss/transformer-compile-class@66.6.7':
    dependencies:
      '@unocss/core': 66.6.7

  '@unocss/transformer-directives@66.6.7':
    dependencies:
      '@unocss/core': 66.6.7
      '@unocss/rule-utils': 66.6.7
      css-tree: 3.2.1

  '@unocss/transformer-variant-group@66.6.7':
    dependencies:
      '@unocss/core': 66.6.7

  '@unocss/vite@66.6.7(vite@3.2.11)':
    dependencies:
      '@jridgewell/remapping': 2.3.5
      '@unocss/config': 66.6.7
      '@unocss/core': 66.6.7
      '@unocss/inspector': 66.6.7
      chokidar: 5.0.0
      magic-string: 0.30.21
      pathe: 2.0.3
      tinyglobby: 0.2.15
      unplugin-utils: 0.3.1
      vite: 3.2.11

  '@vitejs/plugin-vue@3.2.0(vite@3.2.11)(vue@3.5.31)':
    dependencies:
      vite: 3.2.11
      vue: 3.5.31

  '@vue/compiler-core@3.5.31':
    dependencies:
      '@babel/parser': 7.29.2
      '@vue/shared': 3.5.31
      entities: 7.0.1
      estree-walker: 2.0.2
      source-map-js: 1.2.1

  '@vue/compiler-dom@3.5.31':
    dependencies:
      '@vue/compiler-core': 3.5.31
      '@vue/shared': 3.5.31

  '@vue/compiler-sfc@3.5.31':
    dependencies:
      '@babel/parser': 7.29.2
      '@vue/compiler-core': 3.5.31
      '@vue/compiler-dom': 3.5.31
      '@vue/compiler-ssr': 3.5.31
      '@vue/shared': 3.5.31
      estree-walker: 2.0.2
      magic-string: 0.30.21
      postcss: 8.5.8
      source-map-js: 1.2.1

  '@vue/compiler-ssr@3.5.31':
    dependencies:
      '@vue/compiler-dom': 3.5.31
      '@vue/shared': 3.5.31

  '@vue/reactivity@3.5.31':
    dependencies:
      '@vue/shared': 3.5.31

  '@vue/runtime-core@3.5.31':
    dependencies:
      '@vue/reactivity': 3.5.31
      '@vue/shared': 3.5.31

  '@vue/runtime-dom@3.5.31':
    dependencies:
      '@vue/reactivity': 3.5.31
      '@vue/runtime-core': 3.5.31
      '@vue/shared': 3.5.31
      csstype: 3.2.3

  '@vue/server-renderer@3.5.31(vue@3.5.31)':
    dependencies:
      '@vue/compiler-ssr': 3.5.31
      '@vue/shared': 3.5.31
      vue: 3.5.31

  '@vue/shared@3.5.31': {}

  acorn@8.16.0: {}

  cac@6.7.14: {}

  chokidar@5.0.0:
    dependencies:
      readdirp: 5.0.0

  colorette@2.0.20: {}

  confbox@0.1.8: {}

  consola@3.4.2: {}

  css-tree@3.2.1:
    dependencies:
      mdn-data: 2.27.1
      source-map-js: 1.2.1

  csstype@3.2.3: {}

  defu@6.1.6: {}

  destr@2.0.5: {}

  duplexer@0.1.2: {}

  entities@7.0.1: {}

  esbuild-android-64@0.15.18:
    optional: true

  esbuild-android-arm64@0.15.18:
    optional: true

  esbuild-darwin-64@0.15.18:
    optional: true

  esbuild-darwin-arm64@0.15.18:
    optional: true

  esbuild-freebsd-64@0.15.18:
    optional: true

  esbuild-freebsd-arm64@0.15.18:
    optional: true

  esbuild-linux-32@0.15.18:
    optional: true

  esbuild-linux-64@0.15.18:
    optional: true

  esbuild-linux-arm64@0.15.18:
    optional: true

  esbuild-linux-arm@0.15.18:
    optional: true

  esbuild-linux-mips64le@0.15.18:
    optional: true

  esbuild-linux-ppc64le@0.15.18:
    optional: true

  esbuild-linux-riscv64@0.15.18:
    optional: true

  esbuild-linux-s390x@0.15.18:
    optional: true

  esbuild-netbsd-64@0.15.18:
    optional: true

  esbuild-openbsd-64@0.15.18:
    optional: true

  esbuild-sunos-64@0.15.18:
    optional: true

  esbuild-windows-32@0.15.18:
    optional: true

  esbuild-windows-64@0.15.18:
    optional: true

  esbuild-windows-arm64@0.15.18:
    optional: true

  esbuild@0.15.18:
    optionalDependencies:
      '@esbuild/android-arm': 0.15.18
      '@esbuild/linux-loong64': 0.15.18
      esbuild-android-64: 0.15.18
      esbuild-android-arm64: 0.15.18
      esbuild-darwin-64: 0.15.18
      esbuild-darwin-arm64: 0.15.18
      esbuild-freebsd-64: 0.15.18
      esbuild-freebsd-arm64: 0.15.18
      esbuild-linux-32: 0.15.18
      esbuild-linux-64: 0.15.18
      esbuild-linux-arm: 0.15.18
      esbuild-linux-arm64: 0.15.18
      esbuild-linux-mips64le: 0.15.18
      esbuild-linux-ppc64le: 0.15.18
      esbuild-linux-riscv64: 0.15.18
      esbuild-linux-s390x: 0.15.18
      esbuild-netbsd-64: 0.15.18
      esbuild-openbsd-64: 0.15.18
      esbuild-sunos-64: 0.15.18
      esbuild-windows-32: 0.15.18
      esbuild-windows-64: 0.15.18
      esbuild-windows-arm64: 0.15.18

  estree-walker@2.0.2: {}

  estree-walker@3.0.3:
    dependencies:
      '@types/estree': 1.0.8

  fdir@6.5.0(picomatch@4.0.4):
    optionalDependencies:
      picomatch: 4.0.4

  fsevents@2.3.3:
    optional: true

  function-bind@1.1.2: {}

  gzip-size@6.0.0:
    dependencies:
      duplexer: 0.1.2

  hasown@2.0.2:
    dependencies:
      function-bind: 1.1.2

  is-core-module@2.16.1:
    dependencies:
      hasown: 2.0.2

  jiti@2.6.1: {}

  magic-regexp@0.10.0:
    dependencies:
      estree-walker: 3.0.3
      magic-string: 0.30.21
      mlly: 1.8.2
      regexp-tree: 0.1.27
      type-level-regexp: 0.1.17
      ufo: 1.6.3
      unplugin: 2.3.11

  magic-string@0.30.21:
    dependencies:
      '@jridgewell/sourcemap-codec': 1.5.5

  mdn-data@2.27.1: {}

  mlly@1.8.2:
    dependencies:
      acorn: 8.16.0
      pathe: 2.0.3
      pkg-types: 1.3.1
      ufo: 1.6.3

  mrmime@2.0.1: {}

  nanoid@3.3.11: {}

  node-fetch-native@1.6.7: {}

  ofetch@1.5.1:
    dependencies:
      destr: 2.0.5
      node-fetch-native: 1.6.7
      ufo: 1.6.3

  oxc-parser@0.115.0(@emnapi/core@1.9.1)(@emnapi/runtime@1.9.1):
    dependencies:
      '@oxc-project/types': 0.115.0
    optionalDependencies:
      '@oxc-parser/binding-android-arm-eabi': 0.115.0
      '@oxc-parser/binding-android-arm64': 0.115.0
      '@oxc-parser/binding-darwin-arm64': 0.115.0
      '@oxc-parser/binding-darwin-x64': 0.115.0
      '@oxc-parser/binding-freebsd-x64': 0.115.0
      '@oxc-parser/binding-linux-arm-gnueabihf': 0.115.0
      '@oxc-parser/binding-linux-arm-musleabihf': 0.115.0
      '@oxc-parser/binding-linux-arm64-gnu': 0.115.0
      '@oxc-parser/binding-linux-arm64-musl': 0.115.0
      '@oxc-parser/binding-linux-ppc64-gnu': 0.115.0
      '@oxc-parser/binding-linux-riscv64-gnu': 0.115.0
      '@oxc-parser/binding-linux-riscv64-musl': 0.115.0
      '@oxc-parser/binding-linux-s390x-gnu': 0.115.0
      '@oxc-parser/binding-linux-x64-gnu': 0.115.0
      '@oxc-parser/binding-linux-x64-musl': 0.115.0
      '@oxc-parser/binding-openharmony-arm64': 0.115.0
      '@oxc-parser/binding-wasm32-wasi': 0.115.0(@emnapi/core@1.9.1)(@emnapi/runtime@1.9.1)
      '@oxc-parser/binding-win32-arm64-msvc': 0.115.0
      '@oxc-parser/binding-win32-ia32-msvc': 0.115.0
      '@oxc-parser/binding-win32-x64-msvc': 0.115.0
    transitivePeerDependencies:
      - '@emnapi/core'
      - '@emnapi/runtime'

  oxc-walker@0.7.0(oxc-parser@0.115.0(@emnapi/core@1.9.1)(@emnapi/runtime@1.9.1)):
    dependencies:
      magic-regexp: 0.10.0
      oxc-parser: 0.115.0(@emnapi/core@1.9.1)(@emnapi/runtime@1.9.1)

  package-manager-detector@1.6.0: {}

  path-parse@1.0.7: {}

  pathe@2.0.3: {}

  perfect-debounce@2.1.0: {}

  picocolors@1.1.1: {}

  picomatch@4.0.4: {}

  pkg-types@1.3.1:
    dependencies:
      confbox: 0.1.8
      mlly: 1.8.2
      pathe: 2.0.3

  postcss@8.5.8:
    dependencies:
      nanoid: 3.3.11
      picocolors: 1.1.1
      source-map-js: 1.2.1

  quansync@1.0.0: {}

  readdirp@5.0.0: {}

  regexp-tree@0.1.27: {}

  resolve@1.22.11:
    dependencies:
      is-core-module: 2.16.1
      path-parse: 1.0.7
      supports-preserve-symlinks-flag: 1.0.0

  rollup@2.80.0:
    optionalDependencies:
      fsevents: 2.3.3

  sirv@3.0.2:
    dependencies:
      '@polka/url': 1.0.0-next.29
      mrmime: 2.0.1
      totalist: 3.0.1

  source-map-js@1.2.1: {}

  supports-preserve-symlinks-flag@1.0.0: {}

  tinyexec@1.0.4: {}

  tinyglobby@0.2.15:
    dependencies:
      fdir: 6.5.0(picomatch@4.0.4)
      picomatch: 4.0.4

  totalist@3.0.1: {}

  tslib@2.8.1:
    optional: true

  type-level-regexp@0.1.17: {}

  ufo@1.6.3: {}

  unconfig-core@7.5.0:
    dependencies:
      '@quansync/fs': 1.0.0
      quansync: 1.0.0

  unconfig@7.5.0:
    dependencies:
      '@quansync/fs': 1.0.0
      defu: 6.1.6
      jiti: 2.6.1
      quansync: 1.0.0
      unconfig-core: 7.5.0

  unocss@66.6.7(@emnapi/core@1.9.1)(@emnapi/runtime@1.9.1)(vite@3.2.11):
    dependencies:
      '@unocss/cli': 66.6.7
      '@unocss/core': 66.6.7
      '@unocss/preset-attributify': 66.6.7
      '@unocss/preset-icons': 66.6.7
      '@unocss/preset-mini': 66.6.7
      '@unocss/preset-tagify': 66.6.7
      '@unocss/preset-typography': 66.6.7
      '@unocss/preset-uno': 66.6.7
      '@unocss/preset-web-fonts': 66.6.7
      '@unocss/preset-wind': 66.6.7
      '@unocss/preset-wind3': 66.6.7
      '@unocss/preset-wind4': 66.6.7
      '@unocss/transformer-attributify-jsx': 66.6.7(@emnapi/core@1.9.1)(@emnapi/runtime@1.9.1)
      '@unocss/transformer-compile-class': 66.6.7
      '@unocss/transformer-directives': 66.6.7
      '@unocss/transformer-variant-group': 66.6.7
      '@unocss/vite': 66.6.7(vite@3.2.11)
    transitivePeerDependencies:
      - '@emnapi/core'
      - '@emnapi/runtime'
      - vite

  unplugin-utils@0.3.1:
    dependencies:
      pathe: 2.0.3
      picomatch: 4.0.4

  unplugin@2.3.11:
    dependencies:
      '@jridgewell/remapping': 2.3.5
      acorn: 8.16.0
      picomatch: 4.0.4
      webpack-virtual-modules: 0.6.2

  vite@3.2.11:
    dependencies:
      esbuild: 0.15.18
      postcss: 8.5.8
      resolve: 1.22.11
      rollup: 2.80.0
    optionalDependencies:
      fsevents: 2.3.3

  vue@3.5.31:
    dependencies:
      '@vue/compiler-dom': 3.5.31
      '@vue/compiler-sfc': 3.5.31
      '@vue/runtime-dom': 3.5.31
      '@vue/server-renderer': 3.5.31(vue@3.5.31)
      '@vue/shared': 3.5.31

  webpack-virtual-modules@0.6.2: {}
